%{
  "castore": {:git, "https://github.com/elixir-mint/castore.git", "8443affd7fc807177ebb9f2189250b714d441b82", [tag: "v1.0.17"]},
  "corsica": {:git, "https://github.com/whatyouhide/corsica.git", "4267102639ea544a868f7bf602884187691f104b", [tag: "v2.1.3"]},
  "cowboy": {:git, "https://github.com/ninenines/cowboy.git", "3ea8395eb8f53a57acb5d3c00b99c70296e7cdbd", [tag: "2.12.0"]},
  "cowboy_telemetry": {:git, "https://github.com/beam-telemetry/cowboy_telemetry.git", "496fcc5bf021a3135928138eb61826771d739a39", [tag: "v0.4.0"]},
  "cowlib": {:git, "https://github.com/ninenines/cowlib.git", "1eb7f4293a652adcfe43b1835d22c58d8def839f", [tag: "2.13.0"]},
  "jason": {:git, "https://github.com/michalmuskala/jason.git", "926d2ac6cc0271b9a7079b2ec16ae0cf802f7963", [tag: "v1.4.4"]},
  "mime": {:git, "https://github.com/elixir-plug/mime.git", "30db90a63ca14732f9c6b9d733c89cd161451b15", [tag: "v2.0.6"]},
  "phoenix": {:git, "https://github.com/phoenixframework/phoenix.git", "072fcef8e9e222a1ab2c6e3e3fb642745e49e92c", [tag: "v1.7.20"]},
  "phoenix_pubsub": {:git, "https://github.com/phoenixframework/phoenix_pubsub.git", "43ab10bfcec56f82e915c246c2dd9dba438fe8da", [tag: "v2.1.3"]},
  "phoenix_template": {:git, "https://github.com/phoenixframework/phoenix_template.git", "90a8c78f35f31cd1a0f04c534bf49aa9a3265252", [tag: "v1.0.4"]},
  "plug": {:git, "https://github.com/elixir-plug/plug.git", "cc535b13c5569f199dbde5ca5c030eb8a6d61e8b", [tag: "v1.16.1"]},
  "plug_cowboy": {:git, "https://github.com/elixir-plug/plug_cowboy.git", "e5d5fd8057eba8dacb71fcce1d66b0fba960b916", [tag: "v2.7.3"]},
  "plug_crypto": {:git, "https://github.com/elixir-plug/plug_crypto.git", "8217d4da89ce288b69533970dc4f48606a9a6fcd", [tag: "v2.1.0"]},
  "ranch": {:git, "https://github.com/ninenines/ranch.git", "10b51304b26062e0dbfd5e74824324e9a911e269", [tag: "1.8.1"]},
  "telemetry": {:git, "https://github.com/beam-telemetry/telemetry.git", "8d8af76720856bcf26641ee1307658ad8f25e466", [tag: "v1.3.0"]},
  "telemetry_metrics": {:git, "https://github.com/beam-telemetry/telemetry_metrics.git", "138d5322aa004d1b207dee75860dc90ee9ad2601", [tag: "v1.1.0"]},
  "telemetry_poller": {:git, "https://github.com/beam-telemetry/telemetry_poller.git", "f03b35292f9c63cd51d3703bca9e63c8a6bd71b9", [tag: "v1.1.0"]},
  "websock": {:git, "https://github.com/phoenixframework/websock.git", "095d3ae68f6288c6b7b7fef1a844f843898684a5", [tag: "0.5.3"]},
  "websock_adapter": {:git, "https://github.com/phoenixframework/websock_adapter.git", "de47c4e0b7a5f08f0207184a9048f7d871ea51bd", [tag: "0.5.8"]},
}
